
Microsoft Visual Studio Solution File, Format Version 12.00
# Visual Studio Version 17
VisualStudioVersion = 17.11.35222.181
MinimumVisualStudioVersion = 10.0.40219.1
Project("{FAE04EC0-301F-11D3-BF4B-00C04F79EFBC}") = "MyFirstApp", "MyFirstApp\MyFirstApp.csproj", "{C31D87D5-8751-4470-877F-89C367922DBA}"
EndProject
Global
	GlobalSection(SolutionConfigurationPlatforms) = preSolution
		Debug|Any CPU = Debug|Any CPU
		Release|Any CPU = Release|Any CPU
	EndGlobalSection
	GlobalSection(ProjectConfigurationPlatforms) = postSolution
		{C31D87D5-8751-4470-877F-89C367922DBA}.Debug|Any CPU.ActiveCfg = Debug|Any CPU
		{C31D87D5-8751-4470-877F-89C367922DBA}.Debug|Any CPU.Build.0 = Debug|Any CPU
		{C31D87D5-8751-4470-877F-89C367922DBA}.Release|Any CPU.ActiveCfg = Release|Any CPU
		{C31D87D5-8751-4470-877F-89C367922DBA}.Release|Any CPU.Build.0 = Release|Any CPU
	EndGlobalSection
	GlobalSection(SolutionProperties) = preSolution
		HideSolutionNode = FALSE
	EndGlobalSection
	GlobalSection(ExtensibilityGlobals) = postSolution
		SolutionGuid = {9A12FF5F-6387-468A-AAE3-09E8E979A3BC}
	EndGlobalSection
EndGlobal
